<?xml version="1.0" encoding="utf-8"?>
<Project ToolsVersion="4.0" xmlns="http://schemas.microsoft.com/developer/msbuild/2003">
  <ItemGroup>
    <Filter Include="Source Files">
      <UniqueIdentifier>{4FC737F1-C7A5-4376-A066-2A32D752A2FF}</UniqueIdentifier>
      <Extensions>cpp;c;cc;cxx;def;odl;idl;hpj;bat;asm;asmx</Extensions>
    </Filter>
    <Filter Include="Header Files">
      <UniqueIdentifier>{93995380-89BD-4b04-88EB-625FBE52EBFB}</UniqueIdentifier>
      <Extensions>h;hh;hpp;hxx;hm;inl;inc;xsd</Extensions>
    </Filter>
    <Filter Include="Resource Files">
      <UniqueIdentifier>{67DA6AB6-F800-4c08-8B7A-83BB121AAD01}</UniqueIdentifier>
      <Extensions>rc;ico;cur;bmp;dlg;rc2;rct;bin;rgs;gif;jpg;jpeg;jpe;resx;tiff;tif;png;wav;mfcribbon-ms</Extensions>
    </Filter>
  </ItemGroup>
  <ItemGroup>
    <ClInclude Include="..\SwigClient.h">
      <Filter>Header Files</Filter>
    </ClInclude>
    <ClInclude Include="..\EncryptionUtils.h">
      <Filter>Header Files</Filter>
    </ClInclude>
    <ClInclude Include="..\BtcUtils.h">
      <Filter>Header Files</Filter>
    </ClInclude>
    <ClInclude Include="..\BDM_seder.h">
      <Filter>Header Files</Filter>
    </ClInclude>
    <ClInclude Include="..\LedgerEntry.h">
      <Filter>Header Files</Filter>
    </ClInclude>
    <ClInclude Include="..\DataObject.h">
      <Filter>Header Files</Filter>
    </ClInclude>
    <ClInclude Include="..\SocketObject.h">
      <Filter>Header Files</Filter>
    </ClInclude>
    <ClInclude Include="..\FcgiMessage.h">
      <Filter>Header Files</Filter>
    </ClInclude>
    <ClInclude Include="..\LedgerEntryData.h">
      <Filter>Header Files</Filter>
    </ClInclude>
    <ClInclude Include="..\TxClasses.h">
      <Filter>Header Files</Filter>
    </ClInclude>
    <ClInclude Include="..\DBUtils.h">
      <Filter>Header Files</Filter>
    </ClInclude>
    <ClInclude Include="..\StringSockets.h">
      <Filter>Header Files</Filter>
    </ClInclude>
    <ClInclude Include="..\WalletManager.h">
      <Filter>Header Files</Filter>
    </ClInclude>
    <ClInclude Include="..\bdmenums.h">
      <Filter>Header Files</Filter>
    </ClInclude>
    <ClInclude Include="..\CoinSelection.h">
      <Filter>Header Files</Filter>
    </ClInclude>
    <ClInclude Include="..\ScriptRecipient.h">
      <Filter>Header Files</Filter>
    </ClInclude>
    <ClInclude Include="..\ReentrantLock.h">
      <Filter>Header Files</Filter>
    </ClInclude>
    <ClInclude Include="..\TransactionBatch.h">
      <Filter>Header Files</Filter>
    </ClInclude>
    <ClInclude Include="..\Script.h">
      <Filter>Header Files</Filter>
    </ClInclude>
    <ClInclude Include="..\SigHashEnum.h">
      <Filter>Header Files</Filter>
    </ClInclude>
  </ItemGroup>
  <ItemGroup>
    <ClCompile Include="..\BinaryData.cpp">
      <Filter>Source Files</Filter>
    </ClCompile>
    <ClCompile Include="..\CppBlockUtils_wrap.cxx">
      <Filter>Source Files</Filter>
    </ClCompile>
    <ClCompile Include="..\SwigClient.cpp">
      <Filter>Source Files</Filter>
    </ClCompile>
    <ClCompile Include="..\BDM_seder.cpp">
      <Filter>Source Files</Filter>
    </ClCompile>
    <ClCompile Include="..\BtcUtils.cpp">
      <Filter>Source Files</Filter>
    </ClCompile>
    <ClCompile Include="..\EncryptionUtils.cpp">
      <Filter>Source Files</Filter>
    </ClCompile>
    <ClCompile Include="..\Win_TranslatePath.cpp">
      <Filter>Source Files</Filter>
    </ClCompile>
    <ClCompile Include="..\UniversalTimer.cpp">
      <Filter>Source Files</Filter>
    </ClCompile>
    <ClCompile Include="..\leveldb_windows_port\win32_posix\mman.cpp">
      <Filter>Source Files</Filter>
    </ClCompile>
    <ClCompile Include="..\DataObject.cpp">
      <Filter>Source Files</Filter>
    </ClCompile>
    <ClCompile Include="..\SocketObject.cpp">
      <Filter>Source Files</Filter>
    </ClCompile>
    <ClCompile Include="..\FcgiMessage.cpp">
      <Filter>Source Files</Filter>
    </ClCompile>
    <ClCompile Include="..\DBUtils.cpp">
      <Filter>Source Files</Filter>
    </ClCompile>
    <ClCompile Include="..\TxClasses.cpp">
      <Filter>Source Files</Filter>
    </ClCompile>
    <ClCompile Include="..\StringSockets.cpp">
      <Filter>Source Files</Filter>
    </ClCompile>
    <ClCompile Include="..\WalletManager.cpp">
      <Filter>Source Files</Filter>
    </ClCompile>
    <ClCompile Include="..\leveldb_windows_port\win32_posix\dirent_win32.cpp">
      <Filter>Source Files</Filter>
    </ClCompile>
    <ClCompile Include="..\Wallets.cpp">
      <Filter>Source Files</Filter>
    </ClCompile>
    <ClCompile Include="..\Script.cpp">
      <Filter>Source Files</Filter>
    </ClCompile>
    <ClCompile Include="..\Transactions.cpp">
      <Filter>Source Files</Filter>
    </ClCompile>
    <ClCompile Include="..\Signer.cpp">
      <Filter>Source Files</Filter>
    </ClCompile>
    <ClCompile Include="..\BlockDataManagerConfig.cpp">
      <Filter>Source Files</Filter>
    </ClCompile>
    <ClCompile Include="..\CoinSelection.cpp">
      <Filter>Source Files</Filter>
    </ClCompile>
    <ClCompile Include="..\ReentrantLock.cpp">
      <Filter>Source Files</Filter>
    </ClCompile>
    <ClCompile Include="..\JSON_codec.cpp">
      <Filter>Source Files</Filter>
    </ClCompile>
    <ClCompile Include="..\TransactionBatch.cpp">
      <Filter>Source Files</Filter>
    </ClCompile>
    <ClCompile Include="..\log.cpp">
      <Filter>Source Files</Filter>
    </ClCompile>
    <ClCompile Include="..\TxEvalState.cpp">
      <Filter>Source Files</Filter>
    </ClCompile>
  </ItemGroup>
</Project>