
Microsoft Visual Studio Solution File, Format Version 12.00
# Visual Studio Express 2012 for Windows Desktop
Project("{8BC9CEB8-8B4A-11D0-8D11-00A0C91BC942}") = "guardian", "guardian\guardian.vcxproj", "{D35F732D-55D7-4037-9C6D-E141F740F802}"
EndProject
Project("{8BC9CEB8-8B4A-11D0-8D11-00A0C91BC942}") = "cryptopp", "cryptopp\cryptopp.vcxproj", "{B1055DA3-83CE-47BF-98E6-2850E3411D39}"
EndProject
Project("{8BC9CEB8-8B4A-11D0-8D11-00A0C91BC942}") = "BitcoinArmory_SwigDLL", "BitcoinArmory_SwigDLL\BitcoinArmory_SwigDLL.vcxproj", "{19329A6B-FE96-4917-B69A-2B0375C12017}"
EndProject
Project("{8BC9CEB8-8B4A-11D0-8D11-00A0C91BC942}") = "BitcoinArmory_CppTests", "BitcoinArmory_CppTests\BitcoinArmory_CppTests.vcxproj", "{D9733F9E-BE30-466F-B100-B686DF663C4D}"
EndProject
Project("{8BC9CEB8-8B4A-11D0-8D11-00A0C91BC942}") = "leveldb_msvc11_port", "leveldb_windows_port\leveldb_msvc11_port.vcxproj", "{01CD1176-66F7-44AB-9E7B-8AEECC9915E8}"
EndProject
Global
	GlobalSection(SolutionConfigurationPlatforms) = preSolution
		Debug|Win32 = Debug|Win32
		Debug|x64 = Debug|x64
		Release|Win32 = Release|Win32
		Release|x64 = Release|x64
		WinXP_32|Win32 = WinXP_32|Win32
		WinXP_32|x64 = WinXP_32|x64
	EndGlobalSection
	GlobalSection(ProjectConfigurationPlatforms) = postSolution
		{D35F732D-55D7-4037-9C6D-E141F740F802}.Debug|Win32.ActiveCfg = Release|Win32
		{D35F732D-55D7-4037-9C6D-E141F740F802}.Debug|Win32.Build.0 = Release|Win32
		{D35F732D-55D7-4037-9C6D-E141F740F802}.Debug|x64.ActiveCfg = Release|x64
		{D35F732D-55D7-4037-9C6D-E141F740F802}.Debug|x64.Build.0 = Release|x64
		{D35F732D-55D7-4037-9C6D-E141F740F802}.Release|Win32.ActiveCfg = Release|Win32
		{D35F732D-55D7-4037-9C6D-E141F740F802}.Release|x64.ActiveCfg = Release|x64
		{D35F732D-55D7-4037-9C6D-E141F740F802}.Release|x64.Build.0 = Release|x64
		{D35F732D-55D7-4037-9C6D-E141F740F802}.WinXP_32|Win32.ActiveCfg = WinXP_32|Win32
		{D35F732D-55D7-4037-9C6D-E141F740F802}.WinXP_32|Win32.Build.0 = WinXP_32|Win32
		{D35F732D-55D7-4037-9C6D-E141F740F802}.WinXP_32|x64.ActiveCfg = Release|x64
		{D35F732D-55D7-4037-9C6D-E141F740F802}.WinXP_32|x64.Build.0 = Release|x64
		{B1055DA3-83CE-47BF-98E6-2850E3411D39}.Debug|Win32.ActiveCfg = Debug|Win32
		{B1055DA3-83CE-47BF-98E6-2850E3411D39}.Debug|Win32.Build.0 = Debug|Win32
		{B1055DA3-83CE-47BF-98E6-2850E3411D39}.Debug|x64.ActiveCfg = Debug|x64
		{B1055DA3-83CE-47BF-98E6-2850E3411D39}.Debug|x64.Build.0 = Debug|x64
		{B1055DA3-83CE-47BF-98E6-2850E3411D39}.Release|Win32.ActiveCfg = Release|Win32
		{B1055DA3-83CE-47BF-98E6-2850E3411D39}.Release|x64.ActiveCfg = Release|x64
		{B1055DA3-83CE-47BF-98E6-2850E3411D39}.Release|x64.Build.0 = Release|x64
		{B1055DA3-83CE-47BF-98E6-2850E3411D39}.WinXP_32|Win32.ActiveCfg = WinXP_32|Win32
		{B1055DA3-83CE-47BF-98E6-2850E3411D39}.WinXP_32|Win32.Build.0 = WinXP_32|Win32
		{B1055DA3-83CE-47BF-98E6-2850E3411D39}.WinXP_32|x64.ActiveCfg = Release|x64
		{B1055DA3-83CE-47BF-98E6-2850E3411D39}.WinXP_32|x64.Build.0 = Release|x64
		{19329A6B-FE96-4917-B69A-2B0375C12017}.Debug|Win32.ActiveCfg = Debug|Win32
		{19329A6B-FE96-4917-B69A-2B0375C12017}.Debug|Win32.Build.0 = Debug|Win32
		{19329A6B-FE96-4917-B69A-2B0375C12017}.Debug|x64.ActiveCfg = Debug|x64
		{19329A6B-FE96-4917-B69A-2B0375C12017}.Debug|x64.Build.0 = Debug|x64
		{19329A6B-FE96-4917-B69A-2B0375C12017}.Release|Win32.ActiveCfg = Release|Win32
		{19329A6B-FE96-4917-B69A-2B0375C12017}.Release|Win32.Build.0 = Release|Win32
		{19329A6B-FE96-4917-B69A-2B0375C12017}.Release|x64.ActiveCfg = Release|x64
		{19329A6B-FE96-4917-B69A-2B0375C12017}.Release|x64.Build.0 = Release|x64
		{19329A6B-FE96-4917-B69A-2B0375C12017}.WinXP_32|Win32.ActiveCfg = WinXP_32|Win32
		{19329A6B-FE96-4917-B69A-2B0375C12017}.WinXP_32|Win32.Build.0 = WinXP_32|Win32
		{19329A6B-FE96-4917-B69A-2B0375C12017}.WinXP_32|x64.ActiveCfg = Release|x64
		{19329A6B-FE96-4917-B69A-2B0375C12017}.WinXP_32|x64.Build.0 = Release|x64
		{D9733F9E-BE30-466F-B100-B686DF663C4D}.Debug|Win32.ActiveCfg = Debug|Win32
		{D9733F9E-BE30-466F-B100-B686DF663C4D}.Debug|Win32.Build.0 = Debug|Win32
		{D9733F9E-BE30-466F-B100-B686DF663C4D}.Debug|x64.ActiveCfg = Debug|x64
		{D9733F9E-BE30-466F-B100-B686DF663C4D}.Debug|x64.Build.0 = Debug|x64
		{D9733F9E-BE30-466F-B100-B686DF663C4D}.Release|Win32.ActiveCfg = Release|Win32
		{D9733F9E-BE30-466F-B100-B686DF663C4D}.Release|x64.ActiveCfg = Release|x64
		{D9733F9E-BE30-466F-B100-B686DF663C4D}.WinXP_32|Win32.ActiveCfg = Release|Win32
		{D9733F9E-BE30-466F-B100-B686DF663C4D}.WinXP_32|Win32.Build.0 = Release|Win32
		{D9733F9E-BE30-466F-B100-B686DF663C4D}.WinXP_32|x64.ActiveCfg = Release|x64
		{01CD1176-66F7-44AB-9E7B-8AEECC9915E8}.Debug|Win32.ActiveCfg = Debug|Win32
		{01CD1176-66F7-44AB-9E7B-8AEECC9915E8}.Debug|Win32.Build.0 = Debug|Win32
		{01CD1176-66F7-44AB-9E7B-8AEECC9915E8}.Debug|x64.ActiveCfg = Debug|x64
		{01CD1176-66F7-44AB-9E7B-8AEECC9915E8}.Debug|x64.Build.0 = Debug|x64
		{01CD1176-66F7-44AB-9E7B-8AEECC9915E8}.Release|Win32.ActiveCfg = Release|Win32
		{01CD1176-66F7-44AB-9E7B-8AEECC9915E8}.Release|x64.ActiveCfg = Release|x64
		{01CD1176-66F7-44AB-9E7B-8AEECC9915E8}.Release|x64.Build.0 = Release|x64
		{01CD1176-66F7-44AB-9E7B-8AEECC9915E8}.WinXP_32|Win32.ActiveCfg = WinXP_32|Win32
		{01CD1176-66F7-44AB-9E7B-8AEECC9915E8}.WinXP_32|Win32.Build.0 = WinXP_32|Win32
		{01CD1176-66F7-44AB-9E7B-8AEECC9915E8}.WinXP_32|x64.ActiveCfg = Release|x64
		{01CD1176-66F7-44AB-9E7B-8AEECC9915E8}.WinXP_32|x64.Build.0 = Release|x64
	EndGlobalSection
	GlobalSection(SolutionProperties) = preSolution
		HideSolutionNode = FALSE
	EndGlobalSection
EndGlobal
