
Microsoft Visual Studio Solution File, Format Version 12.00
# Visual Studio Express 2012 for Windows Desktop
Project("{8BC9CEB8-8B4A-11D0-8D11-00A0C91BC942}") = "guardian", "guardian\guardian.vcxproj", "{D35F732D-55D7-4037-9C6D-E141F740F802}"
EndProject
Project("{8BC9CEB8-8B4A-11D0-8D11-00A0C91BC942}") = "cryptopp", "cryptopp\cryptopp.vcxproj", "{B1055DA3-83CE-47BF-98E6-2850E3411D39}"
EndProject
Project("{8BC9CEB8-8B4A-11D0-8D11-00A0C91BC942}") = "leveldb", "leveldbwin\build\msvc10\leveldb\leveldb.vcxproj", "{A9A4ECC5-A6A5-423C-AAC3-1C28E9973255}"
EndProject
Project("{8BC9CEB8-8B4A-11D0-8D11-00A0C91BC942}") = "snappy", "leveldbwin\build\msvc10\snappy\snappy.vcxproj", "{72639F93-D2E6-4220-AA46-E24C502E470C}"
EndProject
Project("{8BC9CEB8-8B4A-11D0-8D11-00A0C91BC942}") = "BitcoinArmory_SwigDLL", "BitcoinArmory_SwigDLL\BitcoinArmory_SwigDLL.vcxproj", "{19329A6B-FE96-4917-B69A-2B0375C12017}"
	ProjectSection(ProjectDependencies) = postProject
		{D35F732D-55D7-4037-9C6D-E141F740F802} = {D35F732D-55D7-4037-9C6D-E141F740F802}
		{72639F93-D2E6-4220-AA46-E24C502E470C} = {72639F93-D2E6-4220-AA46-E24C502E470C}
		{B1055DA3-83CE-47BF-98E6-2850E3411D39} = {B1055DA3-83CE-47BF-98E6-2850E3411D39}
		{A9A4ECC5-A6A5-423C-AAC3-1C28E9973255} = {A9A4ECC5-A6A5-423C-AAC3-1C28E9973255}
	EndProjectSection
EndProject
Global
	GlobalSection(SolutionConfigurationPlatforms) = preSolution
		Debug|Win32 = Debug|Win32
		DebugDll|Win32 = DebugDll|Win32
		Release|Win32 = Release|Win32
		ReleaseDll|Win32 = ReleaseDll|Win32
	EndGlobalSection
	GlobalSection(ProjectConfigurationPlatforms) = postSolution
		{D35F732D-55D7-4037-9C6D-E141F740F802}.Debug|Win32.ActiveCfg = Release|Win32
		{D35F732D-55D7-4037-9C6D-E141F740F802}.Debug|Win32.Build.0 = Release|Win32
		{D35F732D-55D7-4037-9C6D-E141F740F802}.DebugDll|Win32.ActiveCfg = Debug|Win32
		{D35F732D-55D7-4037-9C6D-E141F740F802}.DebugDll|Win32.Build.0 = Debug|Win32
		{D35F732D-55D7-4037-9C6D-E141F740F802}.Release|Win32.ActiveCfg = Release|Win32
		{D35F732D-55D7-4037-9C6D-E141F740F802}.Release|Win32.Build.0 = Release|Win32
		{D35F732D-55D7-4037-9C6D-E141F740F802}.ReleaseDll|Win32.ActiveCfg = Release|Win32
		{D35F732D-55D7-4037-9C6D-E141F740F802}.ReleaseDll|Win32.Build.0 = Release|Win32
		{B1055DA3-83CE-47BF-98E6-2850E3411D39}.Debug|Win32.ActiveCfg = Debug|Win32
		{B1055DA3-83CE-47BF-98E6-2850E3411D39}.Debug|Win32.Build.0 = Debug|Win32
		{B1055DA3-83CE-47BF-98E6-2850E3411D39}.DebugDll|Win32.ActiveCfg = Debug|Win32
		{B1055DA3-83CE-47BF-98E6-2850E3411D39}.DebugDll|Win32.Build.0 = Debug|Win32
		{B1055DA3-83CE-47BF-98E6-2850E3411D39}.Release|Win32.ActiveCfg = Release|Win32
		{B1055DA3-83CE-47BF-98E6-2850E3411D39}.Release|Win32.Build.0 = Release|Win32
		{B1055DA3-83CE-47BF-98E6-2850E3411D39}.ReleaseDll|Win32.ActiveCfg = Release|Win32
		{B1055DA3-83CE-47BF-98E6-2850E3411D39}.ReleaseDll|Win32.Build.0 = Release|Win32
		{A9A4ECC5-A6A5-423C-AAC3-1C28E9973255}.Debug|Win32.ActiveCfg = Debug|Win32
		{A9A4ECC5-A6A5-423C-AAC3-1C28E9973255}.Debug|Win32.Build.0 = Debug|Win32
		{A9A4ECC5-A6A5-423C-AAC3-1C28E9973255}.DebugDll|Win32.ActiveCfg = DebugDll|Win32
		{A9A4ECC5-A6A5-423C-AAC3-1C28E9973255}.DebugDll|Win32.Build.0 = DebugDll|Win32
		{A9A4ECC5-A6A5-423C-AAC3-1C28E9973255}.Release|Win32.ActiveCfg = Release|Win32
		{A9A4ECC5-A6A5-423C-AAC3-1C28E9973255}.Release|Win32.Build.0 = Release|Win32
		{A9A4ECC5-A6A5-423C-AAC3-1C28E9973255}.ReleaseDll|Win32.ActiveCfg = ReleaseDll|Win32
		{A9A4ECC5-A6A5-423C-AAC3-1C28E9973255}.ReleaseDll|Win32.Build.0 = ReleaseDll|Win32
		{72639F93-D2E6-4220-AA46-E24C502E470C}.Debug|Win32.ActiveCfg = Debug|Win32
		{72639F93-D2E6-4220-AA46-E24C502E470C}.Debug|Win32.Build.0 = Debug|Win32
		{72639F93-D2E6-4220-AA46-E24C502E470C}.DebugDll|Win32.ActiveCfg = Debug|Win32
		{72639F93-D2E6-4220-AA46-E24C502E470C}.DebugDll|Win32.Build.0 = Debug|Win32
		{72639F93-D2E6-4220-AA46-E24C502E470C}.Release|Win32.ActiveCfg = Release|Win32
		{72639F93-D2E6-4220-AA46-E24C502E470C}.Release|Win32.Build.0 = Release|Win32
		{72639F93-D2E6-4220-AA46-E24C502E470C}.ReleaseDll|Win32.ActiveCfg = Release|Win32
		{72639F93-D2E6-4220-AA46-E24C502E470C}.ReleaseDll|Win32.Build.0 = Release|Win32
		{19329A6B-FE96-4917-B69A-2B0375C12017}.Debug|Win32.ActiveCfg = Debug|Win32
		{19329A6B-FE96-4917-B69A-2B0375C12017}.Debug|Win32.Build.0 = Debug|Win32
		{19329A6B-FE96-4917-B69A-2B0375C12017}.DebugDll|Win32.ActiveCfg = Debug|Win32
		{19329A6B-FE96-4917-B69A-2B0375C12017}.DebugDll|Win32.Build.0 = Debug|Win32
		{19329A6B-FE96-4917-B69A-2B0375C12017}.Release|Win32.ActiveCfg = Release|Win32
		{19329A6B-FE96-4917-B69A-2B0375C12017}.Release|Win32.Build.0 = Release|Win32
		{19329A6B-FE96-4917-B69A-2B0375C12017}.ReleaseDll|Win32.ActiveCfg = Release|Win32
		{19329A6B-FE96-4917-B69A-2B0375C12017}.ReleaseDll|Win32.Build.0 = Release|Win32
	EndGlobalSection
	GlobalSection(SolutionProperties) = preSolution
		HideSolutionNode = FALSE
	EndGlobalSection
EndGlobal
