
Microsoft Visual Studio Solution File, Format Version 11.00
# Visual Studio 2010
Project("{8BC9CEB8-8B4A-11D0-8D11-00A0C91BC942}") = "PyBtcEngine", "PyBtcEngine.vcxproj", "{610511B9-F1E5-468B-904C-B0F6F077F903}"
	ProjectSection(ProjectDependencies) = postProject
		{32B97D03-0DE6-7789-B554-7C08D55F6D55} = {32B97D03-0DE6-7789-B554-7C08D55F6D55}
	EndProjectSection
EndProject
Project("{8BC9CEB8-8B4A-11D0-8D11-00A0C91BC942}") = "cryptlib", "cryptopp\cryptlib.vcxproj", "{32B97D03-0DE6-7789-B554-7C08D55F6D55}"
EndProject
Global
	GlobalSection(SolutionConfigurationPlatforms) = preSolution
		Debug|Win32 = Debug|Win32
		DLL-Import Debug|Win32 = DLL-Import Debug|Win32
		DLL-Import Release|Win32 = DLL-Import Release|Win32
		Release|Win32 = Release|Win32
		Template|Win32 = Template|Win32
	EndGlobalSection
	GlobalSection(ProjectConfigurationPlatforms) = postSolution
		{610511B9-F1E5-468B-904C-B0F6F077F903}.Debug|Win32.ActiveCfg = Debug|Win32
		{610511B9-F1E5-468B-904C-B0F6F077F903}.Debug|Win32.Build.0 = Debug|Win32
		{610511B9-F1E5-468B-904C-B0F6F077F903}.DLL-Import Debug|Win32.ActiveCfg = Debug|Win32
		{610511B9-F1E5-468B-904C-B0F6F077F903}.DLL-Import Debug|Win32.Build.0 = Debug|Win32
		{610511B9-F1E5-468B-904C-B0F6F077F903}.DLL-Import Release|Win32.ActiveCfg = Release|Win32
		{610511B9-F1E5-468B-904C-B0F6F077F903}.DLL-Import Release|Win32.Build.0 = Release|Win32
		{610511B9-F1E5-468B-904C-B0F6F077F903}.Release|Win32.ActiveCfg = Release|Win32
		{610511B9-F1E5-468B-904C-B0F6F077F903}.Release|Win32.Build.0 = Release|Win32
		{610511B9-F1E5-468B-904C-B0F6F077F903}.Template|Win32.ActiveCfg = Release|Win32
		{610511B9-F1E5-468B-904C-B0F6F077F903}.Template|Win32.Build.0 = Release|Win32
		{32B97D03-0DE6-7789-B554-7C08D55F6D55}.Debug|Win32.ActiveCfg = Debug|Win32
		{32B97D03-0DE6-7789-B554-7C08D55F6D55}.DLL-Import Debug|Win32.ActiveCfg = DLL-Import Debug|Win32
		{32B97D03-0DE6-7789-B554-7C08D55F6D55}.DLL-Import Debug|Win32.Build.0 = DLL-Import Debug|Win32
		{32B97D03-0DE6-7789-B554-7C08D55F6D55}.DLL-Import Release|Win32.ActiveCfg = DLL-Import Release|Win32
		{32B97D03-0DE6-7789-B554-7C08D55F6D55}.DLL-Import Release|Win32.Build.0 = DLL-Import Release|Win32
		{32B97D03-0DE6-7789-B554-7C08D55F6D55}.Release|Win32.ActiveCfg = Release|Win32
		{32B97D03-0DE6-7789-B554-7C08D55F6D55}.Release|Win32.Build.0 = Release|Win32
		{32B97D03-0DE6-7789-B554-7C08D55F6D55}.Template|Win32.ActiveCfg = Template|Win32
		{32B97D03-0DE6-7789-B554-7C08D55F6D55}.Template|Win32.Build.0 = Template|Win32
	EndGlobalSection
	GlobalSection(SolutionProperties) = preSolution
		HideSolutionNode = FALSE
	EndGlobalSection
EndGlobal
