
Microsoft Visual Studio Solution File, Format Version 11.00
# Visual Studio 2010
Project("{8BC9CEB8-8B4A-11D0-8D11-00A0C91BC942}") = "PyBtcEngine", "PyBtcEngine.vcxproj", "{610511B9-F1E5-468B-904C-B0F6F077F903}"
	ProjectSection(ProjectDependencies) = postProject
		{B1055DA3-83CE-47BF-98E6-2850E3411D39} = {B1055DA3-83CE-47BF-98E6-2850E3411D39}
	EndProjectSection
EndProject
Project("{8BC9CEB8-8B4A-11D0-8D11-00A0C91BC942}") = "cryptopp", "cryptopp\cryptopp.vcxproj", "{B1055DA3-83CE-47BF-98E6-2850E3411D39}"
EndProject
Project("{8BC9CEB8-8B4A-11D0-8D11-00A0C91BC942}") = "SWIG_compile_dll", "SWIG_compile_dll.vcxproj", "{9F7D5FF5-1B79-4247-B670-07DA57272FE5}"
EndProject
Global
	GlobalSection(SolutionConfigurationPlatforms) = preSolution
		Debug|Win32 = Debug|Win32
		DLL-Import Debug|Win32 = DLL-Import Debug|Win32
		DLL-Import Release|Win32 = DLL-Import Release|Win32
		Release|Win32 = Release|Win32
		Template|Win32 = Template|Win32
	EndGlobalSection
	GlobalSection(ProjectConfigurationPlatforms) = postSolution
		{610511B9-F1E5-468B-904C-B0F6F077F903}.Debug|Win32.ActiveCfg = Debug|Win32
		{610511B9-F1E5-468B-904C-B0F6F077F903}.Debug|Win32.Build.0 = Debug|Win32
		{610511B9-F1E5-468B-904C-B0F6F077F903}.DLL-Import Debug|Win32.ActiveCfg = Debug|Win32
		{610511B9-F1E5-468B-904C-B0F6F077F903}.DLL-Import Debug|Win32.Build.0 = Debug|Win32
		{610511B9-F1E5-468B-904C-B0F6F077F903}.DLL-Import Release|Win32.ActiveCfg = Release|Win32
		{610511B9-F1E5-468B-904C-B0F6F077F903}.DLL-Import Release|Win32.Build.0 = Release|Win32
		{610511B9-F1E5-468B-904C-B0F6F077F903}.Release|Win32.ActiveCfg = Release|Win32
		{610511B9-F1E5-468B-904C-B0F6F077F903}.Release|Win32.Build.0 = Release|Win32
		{610511B9-F1E5-468B-904C-B0F6F077F903}.Template|Win32.ActiveCfg = Release|Win32
		{610511B9-F1E5-468B-904C-B0F6F077F903}.Template|Win32.Build.0 = Release|Win32
		{B1055DA3-83CE-47BF-98E6-2850E3411D39}.Debug|Win32.ActiveCfg = Debug|Win32
		{B1055DA3-83CE-47BF-98E6-2850E3411D39}.Debug|Win32.Build.0 = Debug|Win32
		{B1055DA3-83CE-47BF-98E6-2850E3411D39}.DLL-Import Debug|Win32.ActiveCfg = Debug|Win32
		{B1055DA3-83CE-47BF-98E6-2850E3411D39}.DLL-Import Debug|Win32.Build.0 = Debug|Win32
		{B1055DA3-83CE-47BF-98E6-2850E3411D39}.DLL-Import Release|Win32.ActiveCfg = Release|Win32
		{B1055DA3-83CE-47BF-98E6-2850E3411D39}.DLL-Import Release|Win32.Build.0 = Release|Win32
		{B1055DA3-83CE-47BF-98E6-2850E3411D39}.Release|Win32.ActiveCfg = Release|Win32
		{B1055DA3-83CE-47BF-98E6-2850E3411D39}.Release|Win32.Build.0 = Release|Win32
		{B1055DA3-83CE-47BF-98E6-2850E3411D39}.Template|Win32.ActiveCfg = Release|Win32
		{B1055DA3-83CE-47BF-98E6-2850E3411D39}.Template|Win32.Build.0 = Release|Win32
		{9F7D5FF5-1B79-4247-B670-07DA57272FE5}.Debug|Win32.ActiveCfg = Debug|Win32
		{9F7D5FF5-1B79-4247-B670-07DA57272FE5}.DLL-Import Debug|Win32.ActiveCfg = Debug|Win32
		{9F7D5FF5-1B79-4247-B670-07DA57272FE5}.DLL-Import Debug|Win32.Build.0 = Debug|Win32
		{9F7D5FF5-1B79-4247-B670-07DA57272FE5}.DLL-Import Release|Win32.ActiveCfg = Release|Win32
		{9F7D5FF5-1B79-4247-B670-07DA57272FE5}.DLL-Import Release|Win32.Build.0 = Release|Win32
		{9F7D5FF5-1B79-4247-B670-07DA57272FE5}.Release|Win32.ActiveCfg = Release|Win32
		{9F7D5FF5-1B79-4247-B670-07DA57272FE5}.Release|Win32.Build.0 = Release|Win32
		{9F7D5FF5-1B79-4247-B670-07DA57272FE5}.Template|Win32.ActiveCfg = Release|Win32
		{9F7D5FF5-1B79-4247-B670-07DA57272FE5}.Template|Win32.Build.0 = Release|Win32
	EndGlobalSection
	GlobalSection(SolutionProperties) = preSolution
		HideSolutionNode = FALSE
	EndGlobalSection
EndGlobal
