<?xml version="1.0" encoding="utf-8"?>
<Project ToolsVersion="4.0" xmlns="http://schemas.microsoft.com/developer/msbuild/2003">
  <ItemGroup>
    <ClCompile Include="..\BinaryData.cpp">
      <Filter>Source Files</Filter>
    </ClCompile>
    <ClCompile Include="..\BlockObj.cpp">
      <Filter>Source Files</Filter>
    </ClCompile>
    <ClCompile Include="..\BlockUtils.cpp">
      <Filter>Source Files</Filter>
    </ClCompile>
    <ClCompile Include="..\BtcUtils.cpp">
      <Filter>Source Files</Filter>
    </ClCompile>
    <ClCompile Include="..\EncryptionUtils.cpp">
      <Filter>Source Files</Filter>
    </ClCompile>
    <ClCompile Include="..\leveldb_wrapper.cpp">
      <Filter>Source Files</Filter>
    </ClCompile>
    <ClCompile Include="..\StoredBlockObj.cpp">
      <Filter>Source Files</Filter>
    </ClCompile>
    <ClCompile Include="..\UniversalTimer.cpp">
      <Filter>Source Files</Filter>
    </ClCompile>
    <ClCompile Include="..\CppBlockUtils_wrap.cxx">
      <Filter>Source Files</Filter>
    </ClCompile>
    <ClCompile Include="..\leveldb_windows_port\win32_posix\Win_TranslatePath.cpp">
      <Filter>Source Files</Filter>
    </ClCompile>
  </ItemGroup>
  <ItemGroup>
    <ClInclude Include="..\BinaryData.h">
      <Filter>Header Files</Filter>
    </ClInclude>
    <ClInclude Include="..\BlockObj.h">
      <Filter>Header Files</Filter>
    </ClInclude>
    <ClInclude Include="..\BlockUtils.h">
      <Filter>Header Files</Filter>
    </ClInclude>
    <ClInclude Include="..\BtcUtils.h">
      <Filter>Header Files</Filter>
    </ClInclude>
    <ClInclude Include="..\EncryptionUtils.h">
      <Filter>Header Files</Filter>
    </ClInclude>
    <ClInclude Include="..\leveldb_wrapper.h">
      <Filter>Header Files</Filter>
    </ClInclude>
    <ClInclude Include="..\StoredBlockObj.h">
      <Filter>Header Files</Filter>
    </ClInclude>
    <ClInclude Include="..\UniversalTimer.h">
      <Filter>Header Files</Filter>
    </ClInclude>
    <ClInclude Include="..\log.h">
      <Filter>Header Files</Filter>
    </ClInclude>
  </ItemGroup>
  <ItemGroup>
    <Filter Include="Header Files">
      <UniqueIdentifier>{e3f9bc8b-4d5f-43db-b89b-12060f5c13a2}</UniqueIdentifier>
    </Filter>
    <Filter Include="Source Files">
      <UniqueIdentifier>{7fc64c57-ce9f-4864-8d81-e66466e48727}</UniqueIdentifier>
    </Filter>
  </ItemGroup>
</Project>