
Microsoft Visual Studio Solution File, Format Version 12.00
# Visual Studio Express 2012 for Windows Desktop
Project("{8BC9CEB8-8B4A-11D0-8D11-00A0C91BC942}") = "guardian", "guardian.vcxproj", "{D35F732D-55D7-4037-9C6D-E141F740F802}"
EndProject
Global
	GlobalSection(SolutionConfigurationPlatforms) = preSolution
		Debug|Win32 = Debug|Win32
		Release|Win32 = Release|Win32
	EndGlobalSection
	GlobalSection(ProjectConfigurationPlatforms) = postSolution
		{D35F732D-55D7-4037-9C6D-E141F740F802}.Debug|Win32.ActiveCfg = Debug|Win32
		{D35F732D-55D7-4037-9C6D-E141F740F802}.Debug|Win32.Build.0 = Debug|Win32
		{D35F732D-55D7-4037-9C6D-E141F740F802}.Release|Win32.ActiveCfg = Release|Win32
		{D35F732D-55D7-4037-9C6D-E141F740F802}.Release|Win32.Build.0 = Release|Win32
	EndGlobalSection
	GlobalSection(SolutionProperties) = preSolution
		HideSolutionNode = FALSE
	EndGlobalSection
EndGlobal
